{
  "requires": true,
  "lockfileVersion": 1,
  "dependencies": {
    "chart.js": {
      "version": "3.6.2",
      "resolved": "https://registry.npmjs.org/chart.js/-/chart.js-3.6.2.tgz",
      "integrity": "sha512-Xz7f/fgtVltfQYWq0zL1Xbv7N2inpG+B54p3D5FSvpCdy3sM+oZhbqa42eNuYXltaVvajgX5UpKCU2GeeJIgxg=="
    },
    "country-flag-icons": {
      "version": "1.5.5",
      "resolved": "https://registry.npmjs.org/country-flag-icons/-/country-flag-icons-1.5.5.tgz",
      "integrity": "sha512-k4WXZ/WvWOSiYXRG1n8EYHNr1m/IX0GffKqAidaet5DrJsDOmJ8Q/8JvvONhZNnKYg24s4lvsm+9og1HcuIU/g=="
    },
    "material-design-icons-iconfont": {
      "version": "6.1.1",
      "resolved": "https://registry.npmjs.org/material-design-icons-iconfont/-/material-design-icons-iconfont-6.1.1.tgz",
      "integrity": "sha512-nkoXybeXoofanNagj4tbM6+/LALWpWxYX5ee861to5VQrKgb0/TskTw28Svwn0OGDKajuqK7ShFOsIBxIygGKA=="
    },
    "sunrise-sunset-js": {
      "version": "2.2.1",
      "resolved": "https://registry.npmjs.org/sunrise-sunset-js/-/sunrise-sunset-js-2.2.1.tgz",
      "integrity": "sha512-ErsvmxoTCZRacVPtlchkrTAR8qxypBy0BDrrv9LMugLuF0AykcS5pQsP1EhQJHgumxrTTSI8N8KJkQMVJ6dEPw=="
    }
  }
}
