{
  "requires": true,
  "lockfileVersion": 1,
  "dependencies": {
    "chart.js": {
      "version": "3.6.2",
      "resolved": "https://registry.npmjs.org/chart.js/-/chart.js-3.6.2.tgz",
      "integrity": "sha512-Xz7f/fgtVltfQYWq0zL1Xbv7N2inpG+B54p3D5FSvpCdy3sM+oZhbqa42eNuYXltaVvajgX5UpKCU2GeeJIgxg=="
    },
    "material-design-icons-iconfont": {
      "version": "6.1.1",
      "resolved": "https://registry.npmjs.org/material-design-icons-iconfont/-/material-design-icons-iconfont-6.1.1.tgz",
      "integrity": "sha512-nkoXybeXoofanNagj4tbM6+/LALWpWxYX5ee861to5VQrKgb0/TskTw28Svwn0OGDKajuqK7ShFOsIBxIygGKA=="
    }
  }
}
